
Microsoft Visual Studio Solution File, Format Version 12.00
# Visual Studio 15
VisualStudioVersion = 15.0.28010.2036
MinimumVisualStudioVersion = 10.0.40219.1
Project("{FAE04EC0-301F-11D3-BF4B-00C04F79EFBC}") = "AmazoniamWillowHotel", "AmazoniamWillowHotel\AmazoniamWillowHotel.csproj", "{259AF9F7-604F-43E3-8BA7-89784A493AC2}"
EndProject
Global
	GlobalSection(SolutionConfigurationPlatforms) = preSolution
		Debug|Any CPU = Debug|Any CPU
		Release|Any CPU = Release|Any CPU
	EndGlobalSection
	GlobalSection(ProjectConfigurationPlatforms) = postSolution
		{259AF9F7-604F-43E3-8BA7-89784A493AC2}.Debug|Any CPU.ActiveCfg = Debug|Any CPU
		{259AF9F7-604F-43E3-8BA7-89784A493AC2}.Debug|Any CPU.Build.0 = Debug|Any CPU
		{259AF9F7-604F-43E3-8BA7-89784A493AC2}.Release|Any CPU.ActiveCfg = Release|Any CPU
		{259AF9F7-604F-43E3-8BA7-89784A493AC2}.Release|Any CPU.Build.0 = Release|Any CPU
	EndGlobalSection
	GlobalSection(SolutionProperties) = preSolution
		HideSolutionNode = FALSE
	EndGlobalSection
	GlobalSection(ExtensibilityGlobals) = postSolution
		SolutionGuid = {288F6C04-12CB-4C30-912D-C3BD9D8DF90B}
	EndGlobalSection
EndGlobal
